PODS:
  - UtiliKit (1.1.0):
    - UtiliKit/Core (= 1.1.0)
  - UtiliKit/Core (1.1.0):
    - UtiliKit/General
    - UtiliKit/Instantiation
  - UtiliKit/General (1.1.0)
  - UtiliKit/Instantiation (1.1.0)

DEPENDENCIES:
  - UtiliKit (from `../`)

EXTERNAL SOURCES:
  UtiliKit:
    :path: ../

SPEC CHECKSUMS:
  UtiliKit: 9de761b33640232fd884ee575e04da1518163158

PODFILE CHECKSUM: 86d93c9fd277a2f88fff60ce1fadab9492a54220

COCOAPODS: 1.4.0
