// !$*UTF8*$!
{
	archiveVersion = 1;
	classes = {
	};
	objectVersion = 55;
	objects = {

/* Begin PBXBuildFile section */
		0E666BDE27A074E7001082D0 /* CLLocationCoordinate2D+Extensions.swift in Sources */ = {isa = PBXBuildFile; fileRef = 0E666BDD27A074E7001082D0 /* CLLocationCoordinate2D+Extensions.swift */; };
		0EC7EFEC2792317600F712F3 /* UtiliKit.framework in Frameworks */ = {isa = PBXBuildFile; fileRef = 0EC7EFE32792317600F712F3 /* UtiliKit.framework */; };
		0EC7F054279231A400F712F3 /* UtiliKit.h in Headers */ = {isa = PBXBuildFile; fileRef = 0EC7EFFC279231A300F712F3 /* UtiliKit.h */; settings = {ATTRIBUTES = (Public, ); }; };
		0EC7F055279231A400F712F3 /* ReuseIdentifiable.swift in Sources */ = {isa = PBXBuildFile; fileRef = 0EC7EFFE279231A300F712F3 /* ReuseIdentifiable.swift */; };
		0EC7F056279231A400F712F3 /* StoryboardIdentifiable.swift in Sources */ = {isa = PBXBuildFile; fileRef = 0EC7EFFF279231A300F712F3 /* StoryboardIdentifiable.swift */; };
		0EC7F057279231A400F712F3 /* Configurable.swift in Sources */ = {isa = PBXBuildFile; fileRef = 0EC7F000279231A300F712F3 /* Configurable.swift */; };
		0EC7F058279231A400F712F3 /* MKMapView+Extensions.swift in Sources */ = {isa = PBXBuildFile; fileRef = 0EC7F001279231A300F712F3 /* MKMapView+Extensions.swift */; };
		0EC7F059279231A400F712F3 /* UIStoryboard+Extensions.swift in Sources */ = {isa = PBXBuildFile; fileRef = 0EC7F002279231A300F712F3 /* UIStoryboard+Extensions.swift */; };
		0EC7F05A279231A400F712F3 /* UITableView+Extensions.swift in Sources */ = {isa = PBXBuildFile; fileRef = 0EC7F003279231A300F712F3 /* UITableView+Extensions.swift */; };
		0EC7F05B279231A400F712F3 /* UICollectionView+Extensions.swift in Sources */ = {isa = PBXBuildFile; fileRef = 0EC7F004279231A300F712F3 /* UICollectionView+Extensions.swift */; };
		0EC7F05C279231A400F712F3 /* NibLoadable.swift in Sources */ = {isa = PBXBuildFile; fileRef = 0EC7F005279231A300F712F3 /* NibLoadable.swift */; };
		0EC7F05D279231A400F712F3 /* UIView+Extensions.swift in Sources */ = {isa = PBXBuildFile; fileRef = 0EC7F007279231A300F712F3 /* UIView+Extensions.swift */; };
		0EC7F05E279231A400F712F3 /* FileManager+Extensions.swift in Sources */ = {isa = PBXBuildFile; fileRef = 0EC7F008279231A300F712F3 /* FileManager+Extensions.swift */; };
		0EC7F05F279231A400F712F3 /* URL+Extensions.swift in Sources */ = {isa = PBXBuildFile; fileRef = 0EC7F009279231A300F712F3 /* URL+Extensions.swift */; };
		0EC7F060279231A400F712F3 /* ScrollingPageControl.swift in Sources */ = {isa = PBXBuildFile; fileRef = 0EC7F00B279231A300F712F3 /* ScrollingPageControl.swift */; };
		0EC7F061279231A400F712F3 /* ContainerViewController+ManagedChildren.swift in Sources */ = {isa = PBXBuildFile; fileRef = 0EC7F00D279231A300F712F3 /* ContainerViewController+ManagedChildren.swift */; };
		0EC7F062279231A400F712F3 /* ManagedChild.swift in Sources */ = {isa = PBXBuildFile; fileRef = 0EC7F00E279231A300F712F3 /* ManagedChild.swift */; };
		0EC7F063279231A400F712F3 /* ContainerPercentDrivenInteractiveTransitioner.swift in Sources */ = {isa = PBXBuildFile; fileRef = 0EC7F010279231A300F712F3 /* ContainerPercentDrivenInteractiveTransitioner.swift */; };
		0EC7F064279231A400F712F3 /* ContainerTransitionContext.swift in Sources */ = {isa = PBXBuildFile; fileRef = 0EC7F011279231A300F712F3 /* ContainerTransitionContext.swift */; };
		0EC7F065279231A400F712F3 /* ContainerViewControllerTransitionCoordinator.swift in Sources */ = {isa = PBXBuildFile; fileRef = 0EC7F012279231A300F712F3 /* ContainerViewControllerTransitionCoordinator.swift */; };
		0EC7F066279231A400F712F3 /* DefaultContainerTransitionAnimator.swift in Sources */ = {isa = PBXBuildFile; fileRef = 0EC7F013279231A300F712F3 /* DefaultContainerTransitionAnimator.swift */; };
		0EC7F067279231A400F712F3 /* ContainerViewControllerInteractiveTransitioning.swift in Sources */ = {isa = PBXBuildFile; fileRef = 0EC7F014279231A300F712F3 /* ContainerViewControllerInteractiveTransitioning.swift */; };
		0EC7F068279231A400F712F3 /* ContainerViewController.swift in Sources */ = {isa = PBXBuildFile; fileRef = 0EC7F015279231A300F712F3 /* ContainerViewController.swift */; };
		0EC7F069279231A400F712F3 /* ContainerViewControllerDelegate.swift in Sources */ = {isa = PBXBuildFile; fileRef = 0EC7F016279231A300F712F3 /* ContainerViewControllerDelegate.swift */; };
		0EC7F06A279231A400F712F3 /* VersionConfig.swift in Sources */ = {isa = PBXBuildFile; fileRef = 0EC7F018279231A300F712F3 /* VersionConfig.swift */; };
		0EC7F06B279231A400F712F3 /* Bundle+Extensions.swift in Sources */ = {isa = PBXBuildFile; fileRef = 0EC7F019279231A300F712F3 /* Bundle+Extensions.swift */; };
		0EC7F06C279231A400F712F3 /* ActiveLabel.swift in Sources */ = {isa = PBXBuildFile; fileRef = 0EC7F01B279231A300F712F3 /* ActiveLabel.swift */; };
		0EC7F06D279231A400F712F3 /* ObfuscatedKey.swift in Sources */ = {isa = PBXBuildFile; fileRef = 0EC7F01D279231A300F712F3 /* ObfuscatedKey.swift */; };
		0EC7F06E279231A400F712F3 /* TimelessDate.swift in Sources */ = {isa = PBXBuildFile; fileRef = 0EC7F01F279231A300F712F3 /* TimelessDate.swift */; };
		0EC7F06F279231A400F712F3 /* Date+Extensions.swift in Sources */ = {isa = PBXBuildFile; fileRef = 0EC7F020279231A300F712F3 /* Date+Extensions.swift */; };
		0EC7F070279231A400F712F3 /* ActiveLabelDefault.gif in Resources */ = {isa = PBXBuildFile; fileRef = 0EC7F023279231A300F712F3 /* ActiveLabelDefault.gif */; };
		0EC7F071279231A400F712F3 /* ScrollingPageControl-ControlInteraction.gif in Resources */ = {isa = PBXBuildFile; fileRef = 0EC7F025279231A300F712F3 /* ScrollingPageControl-ControlInteraction.gif */; };
		0EC7F072279231A400F712F3 /* ScrollingPageControl-CustomizedPageDot.png in Resources */ = {isa = PBXBuildFile; fileRef = 0EC7F026279231A300F712F3 /* ScrollingPageControl-CustomizedPageDot.png */; };
		0EC7F073279231A400F712F3 /* ScrollingPageControl-CustomizedLayout.png in Resources */ = {isa = PBXBuildFile; fileRef = 0EC7F027279231A300F712F3 /* ScrollingPageControl-CustomizedLayout.png */; };
		0EC7F074279231A400F712F3 /* ScrollingPageControl-Default.png in Resources */ = {isa = PBXBuildFile; fileRef = 0EC7F028279231A300F712F3 /* ScrollingPageControl-Default.png */; };
		0EC7F075279231A400F712F3 /* ActiveLabelEdited02.gif in Resources */ = {isa = PBXBuildFile; fileRef = 0EC7F029279231A300F712F3 /* ActiveLabelEdited02.gif */; };
		0EC7F076279231A400F712F3 /* ActiveLabelEdited03.gif in Resources */ = {isa = PBXBuildFile; fileRef = 0EC7F02A279231A300F712F3 /* ActiveLabelEdited03.gif */; };
		0EC7F077279231A400F712F3 /* ActiveLabelEdited01.gif in Resources */ = {isa = PBXBuildFile; fileRef = 0EC7F02B279231A300F712F3 /* ActiveLabelEdited01.gif */; };
		0EC7F078279231A400F712F3 /* Supplementary Views.md in Resources */ = {isa = PBXBuildFile; fileRef = 0EC7F02D279231A300F712F3 /* Supplementary Views.md */; };
		0EC7F0A5279231D500F712F3 /* ScrollingPageControlTests.swift in Sources */ = {isa = PBXBuildFile; fileRef = 0EC7F02F279231A300F712F3 /* ScrollingPageControlTests.swift */; };
		0EC7F0A6279231D500F712F3 /* DateTests.swift in Sources */ = {isa = PBXBuildFile; fileRef = 0EC7F030279231A300F712F3 /* DateTests.swift */; };
		0EC7F0A7279231D500F712F3 /* ActiveLabelTests.swift in Sources */ = {isa = PBXBuildFile; fileRef = 0EC7F032279231A300F712F3 /* ActiveLabelTests.swift */; };
		0EC7F0A8279231D500F712F3 /* ContainerTests.swift in Sources */ = {isa = PBXBuildFile; fileRef = 0EC7F033279231A300F712F3 /* ContainerTests.swift */; };
		0EC7F0A9279231D500F712F3 /* UtiliKitTests.swift in Sources */ = {isa = PBXBuildFile; fileRef = 0EC7F031279231A300F712F3 /* UtiliKitTests.swift */; };
		0EC7F0AA279231D500F712F3 /* ObfuscationTests.swift in Sources */ = {isa = PBXBuildFile; fileRef = 0EC7F034279231A300F712F3 /* ObfuscationTests.swift */; };
		0EC7F0ED27923DD400F712F3 /* SnapshotTesting.xcframework in Frameworks */ = {isa = PBXBuildFile; fileRef = 0EC7F0EC27923DD400F712F3 /* SnapshotTesting.xcframework */; };
		59DAD1332805E3900097B7FF /* ExternalMappingURLBuilder.swift in Sources */ = {isa = PBXBuildFile; fileRef = 59DAD1282805E3900097B7FF /* ExternalMappingURLBuilder.swift */; };
		59DAD1342805E3900097B7FF /* MapStyle.swift in Sources */ = {isa = PBXBuildFile; fileRef = 59DAD12A2805E3900097B7FF /* MapStyle.swift */; };
		59DAD1352805E3900097B7FF /* MappingCoordinate.swift in Sources */ = {isa = PBXBuildFile; fileRef = 59DAD12B2805E3900097B7FF /* MappingCoordinate.swift */; };
		59DAD1362805E3900097B7FF /* NavigationMode.swift in Sources */ = {isa = PBXBuildFile; fileRef = 59DAD12C2805E3900097B7FF /* NavigationMode.swift */; };
		59DAD1372805E3900097B7FF /* MapAppURLBuilder.swift in Sources */ = {isa = PBXBuildFile; fileRef = 59DAD12E2805E3900097B7FF /* MapAppURLBuilder.swift */; };
		59DAD1382805E3900097B7FF /* WazeURLBuilder.swift in Sources */ = {isa = PBXBuildFile; fileRef = 59DAD1302805E3900097B7FF /* WazeURLBuilder.swift */; };
		59DAD1392805E3900097B7FF /* AppleMapsURLBuilder.swift in Sources */ = {isa = PBXBuildFile; fileRef = 59DAD1312805E3900097B7FF /* AppleMapsURLBuilder.swift */; };
		59DAD13A2805E3900097B7FF /* GoogleMapsURLBuilder.swift in Sources */ = {isa = PBXBuildFile; fileRef = 59DAD1322805E3900097B7FF /* GoogleMapsURLBuilder.swift */; };
		59DAD13C2805E3EA0097B7FF /* ClosedRange+Extensions.swift in Sources */ = {isa = PBXBuildFile; fileRef = 59DAD13B2805E3EA0097B7FF /* ClosedRange+Extensions.swift */; };
		59DAD13E2805E40F0097B7FF /* String+Extensions.swift in Sources */ = {isa = PBXBuildFile; fileRef = 59DAD13D2805E40F0097B7FF /* String+Extensions.swift */; };
		59DAD1402805E42A0097B7FF /* UISegmentedControl+Extensions.swift in Sources */ = {isa = PBXBuildFile; fileRef = 59DAD13F2805E42A0097B7FF /* UISegmentedControl+Extensions.swift */; };
		59DAD1422805E43D0097B7FF /* URLComponents+Extensions.swift in Sources */ = {isa = PBXBuildFile; fileRef = 59DAD1412805E43D0097B7FF /* URLComponents+Extensions.swift */; };
		59DAD1442805E4990097B7FF /* ClosedRangeTests.swift in Sources */ = {isa = PBXBuildFile; fileRef = 59DAD1432805E4990097B7FF /* ClosedRangeTests.swift */; };
		59DAD1462805E4A40097B7FF /* ExternalMappingURLBuilderTests.swift in Sources */ = {isa = PBXBuildFile; fileRef = 59DAD1452805E4A40097B7FF /* ExternalMappingURLBuilderTests.swift */; };
/* End PBXBuildFile section */

/* Begin PBXContainerItemProxy section */
		0EC7EFED2792317600F712F3 /* PBXContainerItemProxy */ = {
			isa = PBXContainerItemProxy;
			containerPortal = 0EC7EFDA2792317600F712F3 /* Project object */;
			proxyType = 1;
			remoteGlobalIDString = 0EC7EFE22792317600F712F3;
			remoteInfo = UtiliKit;
		};
/* End PBXContainerItemProxy section */

/* Begin PBXFileReference section */
		0E666BDD27A074E7001082D0 /* CLLocationCoordinate2D+Extensions.swift */ = {isa = PBXFileReference; fileEncoding = 4; lastKnownFileType = sourcecode.swift; path = "CLLocationCoordinate2D+Extensions.swift"; sourceTree = "<group>"; };
		0EC7EFE32792317600F712F3 /* UtiliKit.framework */ = {isa = PBXFileReference; explicitFileType = wrapper.framework; includeInIndex = 0; path = UtiliKit.framework; sourceTree = BUILT_PRODUCTS_DIR; };
		0EC7EFEB2792317600F712F3 /* UtiliKit iOS Tests.xctest */ = {isa = PBXFileReference; explicitFileType = wrapper.cfbundle; includeInIndex = 0; path = "UtiliKit iOS Tests.xctest"; sourceTree = BUILT_PRODUCTS_DIR; };
		0EC7EFFC279231A300F712F3 /* UtiliKit.h */ = {isa = PBXFileReference; fileEncoding = 4; lastKnownFileType = sourcecode.c.h; path = UtiliKit.h; sourceTree = "<group>"; };
		0EC7EFFE279231A300F712F3 /* ReuseIdentifiable.swift */ = {isa = PBXFileReference; fileEncoding = 4; lastKnownFileType = sourcecode.swift; path = ReuseIdentifiable.swift; sourceTree = "<group>"; };
		0EC7EFFF279231A300F712F3 /* StoryboardIdentifiable.swift */ = {isa = PBXFileReference; fileEncoding = 4; lastKnownFileType = sourcecode.swift; path = StoryboardIdentifiable.swift; sourceTree = "<group>"; };
		0EC7F000279231A300F712F3 /* Configurable.swift */ = {isa = PBXFileReference; fileEncoding = 4; lastKnownFileType = sourcecode.swift; path = Configurable.swift; sourceTree = "<group>"; };
		0EC7F001279231A300F712F3 /* MKMapView+Extensions.swift */ = {isa = PBXFileReference; fileEncoding = 4; lastKnownFileType = sourcecode.swift; path = "MKMapView+Extensions.swift"; sourceTree = "<group>"; };
		0EC7F002279231A300F712F3 /* UIStoryboard+Extensions.swift */ = {isa = PBXFileReference; fileEncoding = 4; lastKnownFileType = sourcecode.swift; path = "UIStoryboard+Extensions.swift"; sourceTree = "<group>"; };
		0EC7F003279231A300F712F3 /* UITableView+Extensions.swift */ = {isa = PBXFileReference; fileEncoding = 4; lastKnownFileType = sourcecode.swift; path = "UITableView+Extensions.swift"; sourceTree = "<group>"; };
		0EC7F004279231A300F712F3 /* UICollectionView+Extensions.swift */ = {isa = PBXFileReference; fileEncoding = 4; lastKnownFileType = sourcecode.swift; path = "UICollectionView+Extensions.swift"; sourceTree = "<group>"; };
		0EC7F005279231A300F712F3 /* NibLoadable.swift */ = {isa = PBXFileReference; fileEncoding = 4; lastKnownFileType = sourcecode.swift; path = NibLoadable.swift; sourceTree = "<group>"; };
		0EC7F007279231A300F712F3 /* UIView+Extensions.swift */ = {isa = PBXFileReference; fileEncoding = 4; lastKnownFileType = sourcecode.swift; path = "UIView+Extensions.swift"; sourceTree = "<group>"; };
		0EC7F008279231A300F712F3 /* FileManager+Extensions.swift */ = {isa = PBXFileReference; fileEncoding = 4; lastKnownFileType = sourcecode.swift; path = "FileManager+Extensions.swift"; sourceTree = "<group>"; };
		0EC7F009279231A300F712F3 /* URL+Extensions.swift */ = {isa = PBXFileReference; fileEncoding = 4; lastKnownFileType = sourcecode.swift; path = "URL+Extensions.swift"; sourceTree = "<group>"; };
		0EC7F00B279231A300F712F3 /* ScrollingPageControl.swift */ = {isa = PBXFileReference; fileEncoding = 4; lastKnownFileType = sourcecode.swift; path = ScrollingPageControl.swift; sourceTree = "<group>"; };
		0EC7F00D279231A300F712F3 /* ContainerViewController+ManagedChildren.swift */ = {isa = PBXFileReference; fileEncoding = 4; lastKnownFileType = sourcecode.swift; path = "ContainerViewController+ManagedChildren.swift"; sourceTree = "<group>"; };
		0EC7F00E279231A300F712F3 /* ManagedChild.swift */ = {isa = PBXFileReference; fileEncoding = 4; lastKnownFileType = sourcecode.swift; path = ManagedChild.swift; sourceTree = "<group>"; };
		0EC7F010279231A300F712F3 /* ContainerPercentDrivenInteractiveTransitioner.swift */ = {isa = PBXFileReference; fileEncoding = 4; lastKnownFileType = sourcecode.swift; path = ContainerPercentDrivenInteractiveTransitioner.swift; sourceTree = "<group>"; };
		0EC7F011279231A300F712F3 /* ContainerTransitionContext.swift */ = {isa = PBXFileReference; fileEncoding = 4; lastKnownFileType = sourcecode.swift; path = ContainerTransitionContext.swift; sourceTree = "<group>"; };
		0EC7F012279231A300F712F3 /* ContainerViewControllerTransitionCoordinator.swift */ = {isa = PBXFileReference; fileEncoding = 4; lastKnownFileType = sourcecode.swift; path = ContainerViewControllerTransitionCoordinator.swift; sourceTree = "<group>"; };
		0EC7F013279231A300F712F3 /* DefaultContainerTransitionAnimator.swift */ = {isa = PBXFileReference; fileEncoding = 4; lastKnownFileType = sourcecode.swift; path = DefaultContainerTransitionAnimator.swift; sourceTree = "<group>"; };
		0EC7F014279231A300F712F3 /* ContainerViewControllerInteractiveTransitioning.swift */ = {isa = PBXFileReference; fileEncoding = 4; lastKnownFileType = sourcecode.swift; path = ContainerViewControllerInteractiveTransitioning.swift; sourceTree = "<group>"; };
		0EC7F015279231A300F712F3 /* ContainerViewController.swift */ = {isa = PBXFileReference; fileEncoding = 4; lastKnownFileType = sourcecode.swift; path = ContainerViewController.swift; sourceTree = "<group>"; };
		0EC7F016279231A300F712F3 /* ContainerViewControllerDelegate.swift */ = {isa = PBXFileReference; fileEncoding = 4; lastKnownFileType = sourcecode.swift; path = ContainerViewControllerDelegate.swift; sourceTree = "<group>"; };
		0EC7F018279231A300F712F3 /* VersionConfig.swift */ = {isa = PBXFileReference; fileEncoding = 4; lastKnownFileType = sourcecode.swift; path = VersionConfig.swift; sourceTree = "<group>"; };
		0EC7F019279231A300F712F3 /* Bundle+Extensions.swift */ = {isa = PBXFileReference; fileEncoding = 4; lastKnownFileType = sourcecode.swift; path = "Bundle+Extensions.swift"; sourceTree = "<group>"; };
		0EC7F01B279231A300F712F3 /* ActiveLabel.swift */ = {isa = PBXFileReference; fileEncoding = 4; lastKnownFileType = sourcecode.swift; path = ActiveLabel.swift; sourceTree = "<group>"; };
		0EC7F01D279231A300F712F3 /* ObfuscatedKey.swift */ = {isa = PBXFileReference; fileEncoding = 4; lastKnownFileType = sourcecode.swift; path = ObfuscatedKey.swift; sourceTree = "<group>"; };
		0EC7F01F279231A300F712F3 /* TimelessDate.swift */ = {isa = PBXFileReference; fileEncoding = 4; lastKnownFileType = sourcecode.swift; path = TimelessDate.swift; sourceTree = "<group>"; };
		0EC7F020279231A300F712F3 /* Date+Extensions.swift */ = {isa = PBXFileReference; fileEncoding = 4; lastKnownFileType = sourcecode.swift; path = "Date+Extensions.swift"; sourceTree = "<group>"; };
		0EC7F023279231A300F712F3 /* ActiveLabelDefault.gif */ = {isa = PBXFileReference; lastKnownFileType = image.gif; path = ActiveLabelDefault.gif; sourceTree = "<group>"; };
		0EC7F025279231A300F712F3 /* ScrollingPageControl-ControlInteraction.gif */ = {isa = PBXFileReference; lastKnownFileType = image.gif; path = "ScrollingPageControl-ControlInteraction.gif"; sourceTree = "<group>"; };
		0EC7F026279231A300F712F3 /* ScrollingPageControl-CustomizedPageDot.png */ = {isa = PBXFileReference; lastKnownFileType = image.png; path = "ScrollingPageControl-CustomizedPageDot.png"; sourceTree = "<group>"; };
		0EC7F027279231A300F712F3 /* ScrollingPageControl-CustomizedLayout.png */ = {isa = PBXFileReference; lastKnownFileType = image.png; path = "ScrollingPageControl-CustomizedLayout.png"; sourceTree = "<group>"; };
		0EC7F028279231A300F712F3 /* ScrollingPageControl-Default.png */ = {isa = PBXFileReference; lastKnownFileType = image.png; path = "ScrollingPageControl-Default.png"; sourceTree = "<group>"; };
		0EC7F029279231A300F712F3 /* ActiveLabelEdited02.gif */ = {isa = PBXFileReference; lastKnownFileType = image.gif; path = ActiveLabelEdited02.gif; sourceTree = "<group>"; };
		0EC7F02A279231A300F712F3 /* ActiveLabelEdited03.gif */ = {isa = PBXFileReference; lastKnownFileType = image.gif; path = ActiveLabelEdited03.gif; sourceTree = "<group>"; };
		0EC7F02B279231A300F712F3 /* ActiveLabelEdited01.gif */ = {isa = PBXFileReference; lastKnownFileType = image.gif; path = ActiveLabelEdited01.gif; sourceTree = "<group>"; };
		0EC7F02D279231A300F712F3 /* Supplementary Views.md */ = {isa = PBXFileReference; fileEncoding = 4; lastKnownFileType = net.daringfireball.markdown; path = "Supplementary Views.md"; sourceTree = "<group>"; };
		0EC7F02F279231A300F712F3 /* ScrollingPageControlTests.swift */ = {isa = PBXFileReference; fileEncoding = 4; lastKnownFileType = sourcecode.swift; path = ScrollingPageControlTests.swift; sourceTree = "<group>"; };
		0EC7F030279231A300F712F3 /* DateTests.swift */ = {isa = PBXFileReference; fileEncoding = 4; lastKnownFileType = sourcecode.swift; path = DateTests.swift; sourceTree = "<group>"; };
		0EC7F031279231A300F712F3 /* UtiliKitTests.swift */ = {isa = PBXFileReference; fileEncoding = 4; lastKnownFileType = sourcecode.swift; path = UtiliKitTests.swift; sourceTree = "<group>"; };
		0EC7F032279231A300F712F3 /* ActiveLabelTests.swift */ = {isa = PBXFileReference; fileEncoding = 4; lastKnownFileType = sourcecode.swift; path = ActiveLabelTests.swift; sourceTree = "<group>"; };
		0EC7F033279231A300F712F3 /* ContainerTests.swift */ = {isa = PBXFileReference; fileEncoding = 4; lastKnownFileType = sourcecode.swift; path = ContainerTests.swift; sourceTree = "<group>"; };
		0EC7F034279231A300F712F3 /* ObfuscationTests.swift */ = {isa = PBXFileReference; fileEncoding = 4; lastKnownFileType = sourcecode.swift; path = ObfuscationTests.swift; sourceTree = "<group>"; };
		0EC7F09C279231BB00F712F3 /* UtiliKit.podspec */ = {isa = PBXFileReference; lastKnownFileType = text; path = UtiliKit.podspec; sourceTree = "<group>"; };
		0EC7F09D279231BB00F712F3 /* LICENSE */ = {isa = PBXFileReference; lastKnownFileType = text; path = LICENSE; sourceTree = "<group>"; };
		0EC7F09E279231BB00F712F3 /* Package.swift */ = {isa = PBXFileReference; lastKnownFileType = sourcecode.swift; path = Package.swift; sourceTree = "<group>"; };
		0EC7F09F279231C600F712F3 /* NOTICE */ = {isa = PBXFileReference; lastKnownFileType = text; path = NOTICE; sourceTree = SOURCE_ROOT; };
		0EC7F0A0279231C600F712F3 /* CONTRIBUTING.md */ = {isa = PBXFileReference; lastKnownFileType = net.daringfireball.markdown; path = CONTRIBUTING.md; sourceTree = SOURCE_ROOT; };
		0EC7F0A1279231C600F712F3 /* CODEOWNERS */ = {isa = PBXFileReference; lastKnownFileType = text; path = CODEOWNERS; sourceTree = SOURCE_ROOT; };
		0EC7F0A2279231C600F712F3 /* README.md */ = {isa = PBXFileReference; lastKnownFileType = net.daringfireball.markdown; path = README.md; sourceTree = SOURCE_ROOT; };
		0EC7F0A3279231C600F712F3 /* CHANGELOG.md */ = {isa = PBXFileReference; lastKnownFileType = net.daringfireball.markdown; path = CHANGELOG.md; sourceTree = SOURCE_ROOT; };
		0EC7F0A4279231C600F712F3 /* Dangerfile.swift */ = {isa = PBXFileReference; lastKnownFileType = sourcecode.swift; path = Dangerfile.swift; sourceTree = SOURCE_ROOT; };
		0EC7F0EC27923DD400F712F3 /* SnapshotTesting.xcframework */ = {isa = PBXFileReference; lastKnownFileType = wrapper.xcframework; name = SnapshotTesting.xcframework; path = Carthage/Build/SnapshotTesting.xcframework; sourceTree = "<group>"; };
		59DAD1282805E3900097B7FF /* ExternalMappingURLBuilder.swift */ = {isa = PBXFileReference; fileEncoding = 4; lastKnownFileType = sourcecode.swift; path = ExternalMappingURLBuilder.swift; sourceTree = "<group>"; };
		59DAD12A2805E3900097B7FF /* MapStyle.swift */ = {isa = PBXFileReference; fileEncoding = 4; lastKnownFileType = sourcecode.swift; path = MapStyle.swift; sourceTree = "<group>"; };
		59DAD12B2805E3900097B7FF /* MappingCoordinate.swift */ = {isa = PBXFileReference; fileEncoding = 4; lastKnownFileType = sourcecode.swift; path = MappingCoordinate.swift; sourceTree = "<group>"; };
		59DAD12C2805E3900097B7FF /* NavigationMode.swift */ = {isa = PBXFileReference; fileEncoding = 4; lastKnownFileType = sourcecode.swift; path = NavigationMode.swift; sourceTree = "<group>"; };
		59DAD12E2805E3900097B7FF /* MapAppURLBuilder.swift */ = {isa = PBXFileReference; fileEncoding = 4; lastKnownFileType = sourcecode.swift; path = MapAppURLBuilder.swift; sourceTree = "<group>"; };
		59DAD1302805E3900097B7FF /* WazeURLBuilder.swift */ = {isa = PBXFileReference; fileEncoding = 4; lastKnownFileType = sourcecode.swift; path = WazeURLBuilder.swift; sourceTree = "<group>"; };
		59DAD1312805E3900097B7FF /* AppleMapsURLBuilder.swift */ = {isa = PBXFileReference; fileEncoding = 4; lastKnownFileType = sourcecode.swift; path = AppleMapsURLBuilder.swift; sourceTree = "<group>"; };
		59DAD1322805E3900097B7FF /* GoogleMapsURLBuilder.swift */ = {isa = PBXFileReference; fileEncoding = 4; lastKnownFileType = sourcecode.swift; path = GoogleMapsURLBuilder.swift; sourceTree = "<group>"; };
		59DAD13B2805E3EA0097B7FF /* ClosedRange+Extensions.swift */ = {isa = PBXFileReference; fileEncoding = 4; lastKnownFileType = sourcecode.swift; path = "ClosedRange+Extensions.swift"; sourceTree = "<group>"; };
		59DAD13D2805E40F0097B7FF /* String+Extensions.swift */ = {isa = PBXFileReference; fileEncoding = 4; lastKnownFileType = sourcecode.swift; path = "String+Extensions.swift"; sourceTree = "<group>"; };
		59DAD13F2805E42A0097B7FF /* UISegmentedControl+Extensions.swift */ = {isa = PBXFileReference; fileEncoding = 4; lastKnownFileType = sourcecode.swift; path = "UISegmentedControl+Extensions.swift"; sourceTree = "<group>"; };
		59DAD1412805E43D0097B7FF /* URLComponents+Extensions.swift */ = {isa = PBXFileReference; fileEncoding = 4; lastKnownFileType = sourcecode.swift; path = "URLComponents+Extensions.swift"; sourceTree = "<group>"; };
		59DAD1432805E4990097B7FF /* ClosedRangeTests.swift */ = {isa = PBXFileReference; fileEncoding = 4; lastKnownFileType = sourcecode.swift; path = ClosedRangeTests.swift; sourceTree = "<group>"; };
		59DAD1452805E4A40097B7FF /* ExternalMappingURLBuilderTests.swift */ = {isa = PBXFileReference; fileEncoding = 4; lastKnownFileType = sourcecode.swift; path = ExternalMappingURLBuilderTests.swift; sourceTree = "<group>"; };
/* End PBXFileReference section */

/* Begin PBXFrameworksBuildPhase section */
		0EC7EFE02792317600F712F3 /* Frameworks */ = {
			isa = PBXFrameworksBuildPhase;
			buildActionMask = 2147483647;
			files = (
			);
			runOnlyForDeploymentPostprocessing = 0;
		};
		0EC7EFE82792317600F712F3 /* Frameworks */ = {
			isa = PBXFrameworksBuildPhase;
			buildActionMask = 2147483647;
			files = (
				0EC7F0ED27923DD400F712F3 /* SnapshotTesting.xcframework in Frameworks */,
				0EC7EFEC2792317600F712F3 /* UtiliKit.framework in Frameworks */,
			);
			runOnlyForDeploymentPostprocessing = 0;
		};
/* End PBXFrameworksBuildPhase section */

/* Begin PBXGroup section */
		0EC7EFD92792317600F712F3 = {
			isa = PBXGroup;
			children = (
				0EC7F09B279231AB00F712F3 /* Deployment */,
				0EC7F021279231A300F712F3 /* Documentation */,
				0EC7EFFB279231A300F712F3 /* Sources */,
				0EC7F02E279231A300F712F3 /* Tests */,
				0EC7EFE42792317600F712F3 /* Products */,
				0EC7F0EB27923DD400F712F3 /* Frameworks */,
			);
			sourceTree = "<group>";
		};
		0EC7EFE42792317600F712F3 /* Products */ = {
			isa = PBXGroup;
			children = (
				0EC7EFE32792317600F712F3 /* UtiliKit.framework */,
				0EC7EFEB2792317600F712F3 /* UtiliKit iOS Tests.xctest */,
			);
			name = Products;
			sourceTree = "<group>";
		};
		0EC7EFFB279231A300F712F3 /* Sources */ = {
			isa = PBXGroup;
			children = (
				0EC7EFFC279231A300F712F3 /* UtiliKit.h */,
				0EC7EFFD279231A300F712F3 /* Instantiation */,
				0EC7F006279231A300F712F3 /* General */,
				0EC7F00A279231A300F712F3 /* ScrollingPageControl */,
				0EC7F00C279231A300F712F3 /* Container */,
				0EC7F017279231A300F712F3 /* Version */,
				0EC7F01A279231A300F712F3 /* ActiveLabel */,
				0EC7F01C279231A300F712F3 /* Obfuscation */,
				59DAD1272805E3900097B7FF /* ExternalMapping */,
				0EC7F01E279231A300F712F3 /* TimelessDate */,
			);
			path = Sources;
			sourceTree = "<group>";
		};
		0EC7EFFD279231A300F712F3 /* Instantiation */ = {
			isa = PBXGroup;
			children = (
				0EC7EFFE279231A300F712F3 /* ReuseIdentifiable.swift */,
				0EC7EFFF279231A300F712F3 /* StoryboardIdentifiable.swift */,
				0EC7F000279231A300F712F3 /* Configurable.swift */,
				0EC7F001279231A300F712F3 /* MKMapView+Extensions.swift */,
				0EC7F002279231A300F712F3 /* UIStoryboard+Extensions.swift */,
				0EC7F003279231A300F712F3 /* UITableView+Extensions.swift */,
				0EC7F004279231A300F712F3 /* UICollectionView+Extensions.swift */,
				0EC7F005279231A300F712F3 /* NibLoadable.swift */,
			);
			path = Instantiation;
			sourceTree = "<group>";
		};
		0EC7F006279231A300F712F3 /* General */ = {
			isa = PBXGroup;
			children = (
				0E666BDD27A074E7001082D0 /* CLLocationCoordinate2D+Extensions.swift */,
				59DAD13B2805E3EA0097B7FF /* ClosedRange+Extensions.swift */,
				0EC7F008279231A300F712F3 /* FileManager+Extensions.swift */,
				59DAD13D2805E40F0097B7FF /* String+Extensions.swift */,
				59DAD13F2805E42A0097B7FF /* UISegmentedControl+Extensions.swift */,
				0EC7F007279231A300F712F3 /* UIView+Extensions.swift */,
				0EC7F009279231A300F712F3 /* URL+Extensions.swift */,
				59DAD1412805E43D0097B7FF /* URLComponents+Extensions.swift */,
			);
			path = General;
			sourceTree = "<group>";
		};
		0EC7F00A279231A300F712F3 /* ScrollingPageControl */ = {
			isa = PBXGroup;
			children = (
				0EC7F00B279231A300F712F3 /* ScrollingPageControl.swift */,
			);
			path = ScrollingPageControl;
			sourceTree = "<group>";
		};
		0EC7F00C279231A300F712F3 /* Container */ = {
			isa = PBXGroup;
			children = (
				0EC7F00D279231A300F712F3 /* ContainerViewController+ManagedChildren.swift */,
				0EC7F00E279231A300F712F3 /* ManagedChild.swift */,
				0EC7F00F279231A300F712F3 /* Transitioning */,
				0EC7F015279231A300F712F3 /* ContainerViewController.swift */,
				0EC7F016279231A300F712F3 /* ContainerViewControllerDelegate.swift */,
			);
			path = Container;
			sourceTree = "<group>";
		};
		0EC7F00F279231A300F712F3 /* Transitioning */ = {
			isa = PBXGroup;
			children = (
				0EC7F010279231A300F712F3 /* ContainerPercentDrivenInteractiveTransitioner.swift */,
				0EC7F011279231A300F712F3 /* ContainerTransitionContext.swift */,
				0EC7F012279231A300F712F3 /* ContainerViewControllerTransitionCoordinator.swift */,
				0EC7F013279231A300F712F3 /* DefaultContainerTransitionAnimator.swift */,
				0EC7F014279231A300F712F3 /* ContainerViewControllerInteractiveTransitioning.swift */,
			);
			path = Transitioning;
			sourceTree = "<group>";
		};
		0EC7F017279231A300F712F3 /* Version */ = {
			isa = PBXGroup;
			children = (
				0EC7F018279231A300F712F3 /* VersionConfig.swift */,
				0EC7F019279231A300F712F3 /* Bundle+Extensions.swift */,
			);
			path = Version;
			sourceTree = "<group>";
		};
		0EC7F01A279231A300F712F3 /* ActiveLabel */ = {
			isa = PBXGroup;
			children = (
				0EC7F01B279231A300F712F3 /* ActiveLabel.swift */,
			);
			path = ActiveLabel;
			sourceTree = "<group>";
		};
		0EC7F01C279231A300F712F3 /* Obfuscation */ = {
			isa = PBXGroup;
			children = (
				0EC7F01D279231A300F712F3 /* ObfuscatedKey.swift */,
			);
			path = Obfuscation;
			sourceTree = "<group>";
		};
		0EC7F01E279231A300F712F3 /* TimelessDate */ = {
			isa = PBXGroup;
			children = (
				0EC7F01F279231A300F712F3 /* TimelessDate.swift */,
				0EC7F020279231A300F712F3 /* Date+Extensions.swift */,
			);
			path = TimelessDate;
			sourceTree = "<group>";
		};
		0EC7F021279231A300F712F3 /* Documentation */ = {
			isa = PBXGroup;
			children = (
				0EC7F022279231A300F712F3 /* Images */,
				0EC7F02C279231A300F712F3 /* Guides */,
				0EC7F0A3279231C600F712F3 /* CHANGELOG.md */,
				0EC7F0A1279231C600F712F3 /* CODEOWNERS */,
				0EC7F0A0279231C600F712F3 /* CONTRIBUTING.md */,
				0EC7F0A4279231C600F712F3 /* Dangerfile.swift */,
				0EC7F09F279231C600F712F3 /* NOTICE */,
				0EC7F0A2279231C600F712F3 /* README.md */,
			);
			path = Documentation;
			sourceTree = "<group>";
		};
		0EC7F022279231A300F712F3 /* Images */ = {
			isa = PBXGroup;
			children = (
				0EC7F023279231A300F712F3 /* ActiveLabelDefault.gif */,
				0EC7F024279231A300F712F3 /* ScrollingPageControl */,
				0EC7F029279231A300F712F3 /* ActiveLabelEdited02.gif */,
				0EC7F02A279231A300F712F3 /* ActiveLabelEdited03.gif */,
				0EC7F02B279231A300F712F3 /* ActiveLabelEdited01.gif */,
			);
			path = Images;
			sourceTree = "<group>";
		};
		0EC7F024279231A300F712F3 /* ScrollingPageControl */ = {
			isa = PBXGroup;
			children = (
				0EC7F025279231A300F712F3 /* ScrollingPageControl-ControlInteraction.gif */,
				0EC7F026279231A300F712F3 /* ScrollingPageControl-CustomizedPageDot.png */,
				0EC7F027279231A300F712F3 /* ScrollingPageControl-CustomizedLayout.png */,
				0EC7F028279231A300F712F3 /* ScrollingPageControl-Default.png */,
			);
			path = ScrollingPageControl;
			sourceTree = "<group>";
		};
		0EC7F02C279231A300F712F3 /* Guides */ = {
			isa = PBXGroup;
			children = (
				0EC7F02D279231A300F712F3 /* Supplementary Views.md */,
			);
			path = Guides;
			sourceTree = "<group>";
		};
		0EC7F02E279231A300F712F3 /* Tests */ = {
			isa = PBXGroup;
			children = (
				0EC7F032279231A300F712F3 /* ActiveLabelTests.swift */,
				59DAD1432805E4990097B7FF /* ClosedRangeTests.swift */,
				0EC7F033279231A300F712F3 /* ContainerTests.swift */,
				0EC7F030279231A300F712F3 /* DateTests.swift */,
				59DAD1452805E4A40097B7FF /* ExternalMappingURLBuilderTests.swift */,
				0EC7F034279231A300F712F3 /* ObfuscationTests.swift */,
				0EC7F02F279231A300F712F3 /* ScrollingPageControlTests.swift */,
				0EC7F031279231A300F712F3 /* UtiliKitTests.swift */,
			);
			path = Tests;
			sourceTree = "<group>";
		};
		0EC7F09B279231AB00F712F3 /* Deployment */ = {
			isa = PBXGroup;
			children = (
				0EC7F09E279231BB00F712F3 /* Package.swift */,
				0EC7F09C279231BB00F712F3 /* UtiliKit.podspec */,
				0EC7F09D279231BB00F712F3 /* LICENSE */,
			);
			name = Deployment;
			sourceTree = "<group>";
		};
		0EC7F0EB27923DD400F712F3 /* Frameworks */ = {
			isa = PBXGroup;
			children = (
				0EC7F0EC27923DD400F712F3 /* SnapshotTesting.xcframework */,
			);
			name = Frameworks;
			sourceTree = "<group>";
		};
		59DAD1272805E3900097B7FF /* ExternalMapping */ = {
			isa = PBXGroup;
			children = (
				59DAD1282805E3900097B7FF /* ExternalMappingURLBuilder.swift */,
				59DAD1292805E3900097B7FF /* Supporting Types */,
				59DAD12D2805E3900097B7FF /* MapAppURLBuilder */,
			);
			path = ExternalMapping;
			sourceTree = "<group>";
		};
		59DAD1292805E3900097B7FF /* Supporting Types */ = {
			isa = PBXGroup;
			children = (
				59DAD12A2805E3900097B7FF /* MapStyle.swift */,
				59DAD12B2805E3900097B7FF /* MappingCoordinate.swift */,
				59DAD12C2805E3900097B7FF /* NavigationMode.swift */,
			);
			path = "Supporting Types";
			sourceTree = "<group>";
		};
		59DAD12D2805E3900097B7FF /* MapAppURLBuilder */ = {
			isa = PBXGroup;
			children = (
				59DAD12E2805E3900097B7FF /* MapAppURLBuilder.swift */,
				59DAD12F2805E3900097B7FF /* Implementations */,
			);
			path = MapAppURLBuilder;
			sourceTree = "<group>";
		};
		59DAD12F2805E3900097B7FF /* Implementations */ = {
			isa = PBXGroup;
			children = (
				59DAD1302805E3900097B7FF /* WazeURLBuilder.swift */,
				59DAD1312805E3900097B7FF /* AppleMapsURLBuilder.swift */,
				59DAD1322805E3900097B7FF /* GoogleMapsURLBuilder.swift */,
			);
			path = Implementations;
			sourceTree = "<group>";
		};
/* End PBXGroup section */

/* Begin PBXHeadersBuildPhase section */
		0EC7EFDE2792317600F712F3 /* Headers */ = {
			isa = PBXHeadersBuildPhase;
			buildActionMask = 2147483647;
			files = (
				0EC7F054279231A400F712F3 /* UtiliKit.h in Headers */,
			);
			runOnlyForDeploymentPostprocessing = 0;
		};
/* End PBXHeadersBuildPhase section */

/* Begin PBXNativeTarget section */
		0EC7EFE22792317600F712F3 /* UtiliKit iOS */ = {
			isa = PBXNativeTarget;
			buildConfigurationList = 0EC7EFF52792317600F712F3 /* Build configuration list for PBXNativeTarget "UtiliKit iOS" */;
			buildPhases = (
				0EC7EFDE2792317600F712F3 /* Headers */,
				0EC7EFDF2792317600F712F3 /* Sources */,
				0EC7EFE02792317600F712F3 /* Frameworks */,
				0EC7EFE12792317600F712F3 /* Resources */,
			);
			buildRules = (
			);
			dependencies = (
			);
			name = "UtiliKit iOS";
			productName = UtiliKit;
			productReference = 0EC7EFE32792317600F712F3 /* UtiliKit.framework */;
			productType = "com.apple.product-type.framework";
		};
		0EC7EFEA2792317600F712F3 /* UtiliKit iOS Tests */ = {
			isa = PBXNativeTarget;
			buildConfigurationList = 0EC7EFF82792317600F712F3 /* Build configuration list for PBXNativeTarget "UtiliKit iOS Tests" */;
			buildPhases = (
				0EC7EFE72792317600F712F3 /* Sources */,
				0EC7EFE82792317600F712F3 /* Frameworks */,
				0EC7EFE92792317600F712F3 /* Resources */,
			);
			buildRules = (
			);
			dependencies = (
				0EC7EFEE2792317600F712F3 /* PBXTargetDependency */,
			);
			name = "UtiliKit iOS Tests";
			productName = UtiliKitTests;
			productReference = 0EC7EFEB2792317600F712F3 /* UtiliKit iOS Tests.xctest */;
			productType = "com.apple.product-type.bundle.unit-test";
		};
/* End PBXNativeTarget section */

/* Begin PBXProject section */
		0EC7EFDA2792317600F712F3 /* Project object */ = {
			isa = PBXProject;
			attributes = {
				BuildIndependentTargetsInParallel = 1;
				LastSwiftUpdateCheck = 1320;
				LastUpgradeCheck = 1320;
				ORGANIZATIONNAME = "Bottle Rocket Studios";
				TargetAttributes = {
					0EC7EFE22792317600F712F3 = {
						CreatedOnToolsVersion = 13.2.1;
					};
					0EC7EFEA2792317600F712F3 = {
						CreatedOnToolsVersion = 13.2.1;
					};
				};
			};
			buildConfigurationList = 0EC7EFDD2792317600F712F3 /* Build configuration list for PBXProject "UtiliKit" */;
			compatibilityVersion = "Xcode 13.0";
			developmentRegion = en;
			hasScannedForEncodings = 0;
			knownRegions = (
				en,
				Base,
			);
			mainGroup = 0EC7EFD92792317600F712F3;
			productRefGroup = 0EC7EFE42792317600F712F3 /* Products */;
			projectDirPath = "";
			projectRoot = "";
			targets = (
				0EC7EFE22792317600F712F3 /* UtiliKit iOS */,
				0EC7EFEA2792317600F712F3 /* UtiliKit iOS Tests */,
			);
		};
/* End PBXProject section */

/* Begin PBXResourcesBuildPhase section */
		0EC7EFE12792317600F712F3 /* Resources */ = {
			isa = PBXResourcesBuildPhase;
			buildActionMask = 2147483647;
			files = (
				0EC7F071279231A400F712F3 /* ScrollingPageControl-ControlInteraction.gif in Resources */,
				0EC7F074279231A400F712F3 /* ScrollingPageControl-Default.png in Resources */,
				0EC7F073279231A400F712F3 /* ScrollingPageControl-CustomizedLayout.png in Resources */,
				0EC7F072279231A400F712F3 /* ScrollingPageControl-CustomizedPageDot.png in Resources */,
				0EC7F078279231A400F712F3 /* Supplementary Views.md in Resources */,
				0EC7F075279231A400F712F3 /* ActiveLabelEdited02.gif in Resources */,
				0EC7F076279231A400F712F3 /* ActiveLabelEdited03.gif in Resources */,
				0EC7F070279231A400F712F3 /* ActiveLabelDefault.gif in Resources */,
				0EC7F077279231A400F712F3 /* ActiveLabelEdited01.gif in Resources */,
			);
			runOnlyForDeploymentPostprocessing = 0;
		};
		0EC7EFE92792317600F712F3 /* Resources */ = {
			isa = PBXResourcesBuildPhase;
			buildActionMask = 2147483647;
			files = (
			);
			runOnlyForDeploymentPostprocessing = 0;
		};
/* End PBXResourcesBuildPhase section */

/* Begin PBXSourcesBuildPhase section */
		0EC7EFDF2792317600F712F3 /* Sources */ = {
			isa = PBXSourcesBuildPhase;
			buildActionMask = 2147483647;
			files = (
				0EC7F06C279231A400F712F3 /* ActiveLabel.swift in Sources */,
				0EC7F06B279231A400F712F3 /* Bundle+Extensions.swift in Sources */,
				0EC7F067279231A400F712F3 /* ContainerViewControllerInteractiveTransitioning.swift in Sources */,
				0EC7F060279231A400F712F3 /* ScrollingPageControl.swift in Sources */,
				59DAD1362805E3900097B7FF /* NavigationMode.swift in Sources */,
				59DAD1462805E4A40097B7FF /* ExternalMappingURLBuilderTests.swift in Sources */,
				0EC7F06A279231A400F712F3 /* VersionConfig.swift in Sources */,
				0EC7F068279231A400F712F3 /* ContainerViewController.swift in Sources */,
				0EC7F066279231A400F712F3 /* DefaultContainerTransitionAnimator.swift in Sources */,
				59DAD1382805E3900097B7FF /* WazeURLBuilder.swift in Sources */,
				0E666BDE27A074E7001082D0 /* CLLocationCoordinate2D+Extensions.swift in Sources */,
				0EC7F05F279231A400F712F3 /* URL+Extensions.swift in Sources */,
				0EC7F05B279231A400F712F3 /* UICollectionView+Extensions.swift in Sources */,
				59DAD1332805E3900097B7FF /* ExternalMappingURLBuilder.swift in Sources */,
				59DAD13A2805E3900097B7FF /* GoogleMapsURLBuilder.swift in Sources */,
				59DAD13C2805E3EA0097B7FF /* ClosedRange+Extensions.swift in Sources */,
				0EC7F05C279231A400F712F3 /* NibLoadable.swift in Sources */,
				59DAD1372805E3900097B7FF /* MapAppURLBuilder.swift in Sources */,
				0EC7F057279231A400F712F3 /* Configurable.swift in Sources */,
				0EC7F06F279231A400F712F3 /* Date+Extensions.swift in Sources */,
				0EC7F05D279231A400F712F3 /* UIView+Extensions.swift in Sources */,
				59DAD1402805E42A0097B7FF /* UISegmentedControl+Extensions.swift in Sources */,
				0EC7F063279231A400F712F3 /* ContainerPercentDrivenInteractiveTransitioner.swift in Sources */,
				59DAD1352805E3900097B7FF /* MappingCoordinate.swift in Sources */,
				0EC7F065279231A400F712F3 /* ContainerViewControllerTransitionCoordinator.swift in Sources */,
				0EC7F058279231A400F712F3 /* MKMapView+Extensions.swift in Sources */,
				59DAD1442805E4990097B7FF /* ClosedRangeTests.swift in Sources */,
				0EC7F059279231A400F712F3 /* UIStoryboard+Extensions.swift in Sources */,
				0EC7F05A279231A400F712F3 /* UITableView+Extensions.swift in Sources */,
				0EC7F05E279231A400F712F3 /* FileManager+Extensions.swift in Sources */,
				0EC7F062279231A400F712F3 /* ManagedChild.swift in Sources */,
				59DAD1422805E43D0097B7FF /* URLComponents+Extensions.swift in Sources */,
				0EC7F06E279231A400F712F3 /* TimelessDate.swift in Sources */,
				0EC7F064279231A400F712F3 /* ContainerTransitionContext.swift in Sources */,
				59DAD1342805E3900097B7FF /* MapStyle.swift in Sources */,
				0EC7F069279231A400F712F3 /* ContainerViewControllerDelegate.swift in Sources */,
				59DAD13E2805E40F0097B7FF /* String+Extensions.swift in Sources */,
				0EC7F061279231A400F712F3 /* ContainerViewController+ManagedChildren.swift in Sources */,
				0EC7F056279231A400F712F3 /* StoryboardIdentifiable.swift in Sources */,
				0EC7F055279231A400F712F3 /* ReuseIdentifiable.swift in Sources */,
				59DAD1392805E3900097B7FF /* AppleMapsURLBuilder.swift in Sources */,
				0EC7F06D279231A400F712F3 /* ObfuscatedKey.swift in Sources */,
			);
			runOnlyForDeploymentPostprocessing = 0;
		};
		0EC7EFE72792317600F712F3 /* Sources */ = {
			isa = PBXSourcesBuildPhase;
			buildActionMask = 2147483647;
			files = (
				0EC7F0A5279231D500F712F3 /* ScrollingPageControlTests.swift in Sources */,
				0EC7F0A8279231D500F712F3 /* ContainerTests.swift in Sources */,
				0EC7F0A9279231D500F712F3 /* UtiliKitTests.swift in Sources */,
				0EC7F0AA279231D500F712F3 /* ObfuscationTests.swift in Sources */,
				0EC7F0A7279231D500F712F3 /* ActiveLabelTests.swift in Sources */,
				0EC7F0A6279231D500F712F3 /* DateTests.swift in Sources */,
			);
			runOnlyForDeploymentPostprocessing = 0;
		};
/* End PBXSourcesBuildPhase section */

/* Begin PBXTargetDependency section */
		0EC7EFEE2792317600F712F3 /* PBXTargetDependency */ = {
			isa = PBXTargetDependency;
			target = 0EC7EFE22792317600F712F3 /* UtiliKit iOS */;
			targetProxy = 0EC7EFED2792317600F712F3 /* PBXContainerItemProxy */;
		};
/* End PBXTargetDependency section */

/* Begin XCBuildConfiguration section */
		0EC7EFF32792317600F712F3 /* Debug */ = {
			isa = XCBuildConfiguration;
			buildSettings = {
				ALWAYS_SEARCH_USER_PATHS = NO;
				CLANG_ANALYZER_NONNULL = YES;
				CLANG_ANALYZER_NUMBER_OBJECT_CONVERSION = YES_AGGRESSIVE;
				CLANG_CXX_LANGUAGE_STANDARD = "gnu++17";
				CLANG_CXX_LIBRARY = "libc++";
				CLANG_ENABLE_MODULES = YES;
				CLANG_ENABLE_OBJC_ARC = YES;
				CLANG_ENABLE_OBJC_WEAK = YES;
				CLANG_WARN_BLOCK_CAPTURE_AUTORELEASING = YES;
				CLANG_WARN_BOOL_CONVERSION = YES;
				CLANG_WARN_COMMA = YES;
				CLANG_WARN_CONSTANT_CONVERSION = YES;
				CLANG_WARN_DEPRECATED_OBJC_IMPLEMENTATIONS = YES;
				CLANG_WARN_DIRECT_OBJC_ISA_USAGE = YES_ERROR;
				CLANG_WARN_DOCUMENTATION_COMMENTS = YES;
				CLANG_WARN_EMPTY_BODY = YES;
				CLANG_WARN_ENUM_CONVERSION = YES;
				CLANG_WARN_INFINITE_RECURSION = YES;
				CLANG_WARN_INT_CONVERSION = YES;
				CLANG_WARN_NON_LITERAL_NULL_CONVERSION = YES;
				CLANG_WARN_OBJC_IMPLICIT_RETAIN_SELF = YES;
				CLANG_WARN_OBJC_LITERAL_CONVERSION = YES;
				CLANG_WARN_OBJC_ROOT_CLASS = YES_ERROR;
				CLANG_WARN_QUOTED_INCLUDE_IN_FRAMEWORK_HEADER = YES;
				CLANG_WARN_RANGE_LOOP_ANALYSIS = YES;
				CLANG_WARN_STRICT_PROTOTYPES = YES;
				CLANG_WARN_SUSPICIOUS_MOVE = YES;
				CLANG_WARN_UNGUARDED_AVAILABILITY = YES_AGGRESSIVE;
				CLANG_WARN_UNREACHABLE_CODE = YES;
				CLANG_WARN__DUPLICATE_METHOD_MATCH = YES;
				COPY_PHASE_STRIP = NO;
				CURRENT_PROJECT_VERSION = 1;
				DEBUG_INFORMATION_FORMAT = dwarf;
				ENABLE_STRICT_OBJC_MSGSEND = YES;
				ENABLE_TESTABILITY = YES;
				GCC_C_LANGUAGE_STANDARD = gnu11;
				GCC_DYNAMIC_NO_PIC = NO;
				GCC_NO_COMMON_BLOCKS = YES;
				GCC_OPTIMIZATION_LEVEL = 0;
				GCC_PREPROCESSOR_DEFINITIONS = (
					"DEBUG=1",
					"$(inherited)",
				);
				GCC_WARN_64_TO_32_BIT_CONVERSION = YES;
				GCC_WARN_ABOUT_RETURN_TYPE = YES_ERROR;
				GCC_WARN_UNDECLARED_SELECTOR = YES;
				GCC_WARN_UNINITIALIZED_AUTOS = YES_AGGRESSIVE;
				GCC_WARN_UNUSED_FUNCTION = YES;
				GCC_WARN_UNUSED_VARIABLE = YES;
				IPHONEOS_DEPLOYMENT_TARGET = 15.2;
				MARKETING_VERSION = 1.8.0;
				MTL_ENABLE_DEBUG_INFO = INCLUDE_SOURCE;
				MTL_FAST_MATH = YES;
				ONLY_ACTIVE_ARCH = YES;
				PRODUCT_NAME = UtiliKit;
				SDKROOT = iphoneos;
				SWIFT_ACTIVE_COMPILATION_CONDITIONS = DEBUG;
				SWIFT_OPTIMIZATION_LEVEL = "-Onone";
				VERSIONING_SYSTEM = "apple-generic";
				VERSION_INFO_PREFIX = "";
			};
			name = Debug;
		};
		0EC7EFF42792317600F712F3 /* Release */ = {
			isa = XCBuildConfiguration;
			buildSettings = {
				ALWAYS_SEARCH_USER_PATHS = NO;
				CLANG_ANALYZER_NONNULL = YES;
				CLANG_ANALYZER_NUMBER_OBJECT_CONVERSION = YES_AGGRESSIVE;
				CLANG_CXX_LANGUAGE_STANDARD = "gnu++17";
				CLANG_CXX_LIBRARY = "libc++";
				CLANG_ENABLE_MODULES = YES;
				CLANG_ENABLE_OBJC_ARC = YES;
				CLANG_ENABLE_OBJC_WEAK = YES;
				CLANG_WARN_BLOCK_CAPTURE_AUTORELEASING = YES;
				CLANG_WARN_BOOL_CONVERSION = YES;
				CLANG_WARN_COMMA = YES;
				CLANG_WARN_CONSTANT_CONVERSION = YES;
				CLANG_WARN_DEPRECATED_OBJC_IMPLEMENTATIONS = YES;
				CLANG_WARN_DIRECT_OBJC_ISA_USAGE = YES_ERROR;
				CLANG_WARN_DOCUMENTATION_COMMENTS = YES;
				CLANG_WARN_EMPTY_BODY = YES;
				CLANG_WARN_ENUM_CONVERSION = YES;
				CLANG_WARN_INFINITE_RECURSION = YES;
				CLANG_WARN_INT_CONVERSION = YES;
				CLANG_WARN_NON_LITERAL_NULL_CONVERSION = YES;
				CLANG_WARN_OBJC_IMPLICIT_RETAIN_SELF = YES;
				CLANG_WARN_OBJC_LITERAL_CONVERSION = YES;
				CLANG_WARN_OBJC_ROOT_CLASS = YES_ERROR;
				CLANG_WARN_QUOTED_INCLUDE_IN_FRAMEWORK_HEADER = YES;
				CLANG_WARN_RANGE_LOOP_ANALYSIS = YES;
				CLANG_WARN_STRICT_PROTOTYPES = YES;
				CLANG_WARN_SUSPICIOUS_MOVE = YES;
				CLANG_WARN_UNGUARDED_AVAILABILITY = YES_AGGRESSIVE;
				CLANG_WARN_UNREACHABLE_CODE = YES;
				CLANG_WARN__DUPLICATE_METHOD_MATCH = YES;
				COPY_PHASE_STRIP = NO;
				CURRENT_PROJECT_VERSION = 1;
				DEBUG_INFORMATION_FORMAT = "dwarf-with-dsym";
				ENABLE_NS_ASSERTIONS = NO;
				ENABLE_STRICT_OBJC_MSGSEND = YES;
				GCC_C_LANGUAGE_STANDARD = gnu11;
				GCC_NO_COMMON_BLOCKS = YES;
				GCC_WARN_64_TO_32_BIT_CONVERSION = YES;
				GCC_WARN_ABOUT_RETURN_TYPE = YES_ERROR;
				GCC_WARN_UNDECLARED_SELECTOR = YES;
				GCC_WARN_UNINITIALIZED_AUTOS = YES_AGGRESSIVE;
				GCC_WARN_UNUSED_FUNCTION = YES;
				GCC_WARN_UNUSED_VARIABLE = YES;
				IPHONEOS_DEPLOYMENT_TARGET = 15.2;
				MARKETING_VERSION = 1.8.0;
				MTL_ENABLE_DEBUG_INFO = NO;
				MTL_FAST_MATH = YES;
				PRODUCT_NAME = UtiliKit;
				SDKROOT = iphoneos;
				SWIFT_COMPILATION_MODE = wholemodule;
				SWIFT_OPTIMIZATION_LEVEL = "-O";
				VALIDATE_PRODUCT = YES;
				VERSIONING_SYSTEM = "apple-generic";
				VERSION_INFO_PREFIX = "";
			};
			name = Release;
		};
		0EC7EFF62792317600F712F3 /* Debug */ = {
			isa = XCBuildConfiguration;
			buildSettings = {
				CODE_SIGN_STYLE = Automatic;
				CURRENT_PROJECT_VERSION = 1;
				DEFINES_MODULE = YES;
				DYLIB_COMPATIBILITY_VERSION = 1;
				DYLIB_CURRENT_VERSION = 1;
				DYLIB_INSTALL_NAME_BASE = "@rpath";
				GENERATE_INFOPLIST_FILE = YES;
				INFOPLIST_KEY_NSHumanReadableCopyright = "";
				INSTALL_PATH = "$(LOCAL_LIBRARY_DIR)/Frameworks";
				LD_RUNPATH_SEARCH_PATHS = (
					"$(inherited)",
					"@executable_path/Frameworks",
					"@loader_path/Frameworks",
				);
				PRODUCT_BUNDLE_IDENTIFIER = com.bottlerocketstudios.UtiliKit;
				SKIP_INSTALL = YES;
				SWIFT_EMIT_LOC_STRINGS = YES;
				SWIFT_VERSION = 5.0;
				TARGETED_DEVICE_FAMILY = "1,2";
			};
			name = Debug;
		};
		0EC7EFF72792317600F712F3 /* Release */ = {
			isa = XCBuildConfiguration;
			buildSettings = {
				CODE_SIGN_STYLE = Automatic;
				CURRENT_PROJECT_VERSION = 1;
				DEFINES_MODULE = YES;
				DYLIB_COMPATIBILITY_VERSION = 1;
				DYLIB_CURRENT_VERSION = 1;
				DYLIB_INSTALL_NAME_BASE = "@rpath";
				GENERATE_INFOPLIST_FILE = YES;
				INFOPLIST_KEY_NSHumanReadableCopyright = "";
				INSTALL_PATH = "$(LOCAL_LIBRARY_DIR)/Frameworks";
				LD_RUNPATH_SEARCH_PATHS = (
					"$(inherited)",
					"@executable_path/Frameworks",
					"@loader_path/Frameworks",
				);
				PRODUCT_BUNDLE_IDENTIFIER = com.bottlerocketstudios.UtiliKit;
				SKIP_INSTALL = YES;
				SWIFT_EMIT_LOC_STRINGS = YES;
				SWIFT_VERSION = 5.0;
				TARGETED_DEVICE_FAMILY = "1,2";
			};
			name = Release;
		};
		0EC7EFF92792317600F712F3 /* Debug */ = {
			isa = XCBuildConfiguration;
			buildSettings = {
				ALWAYS_EMBED_SWIFT_STANDARD_LIBRARIES = YES;
				CODE_SIGN_STYLE = Automatic;
				CURRENT_PROJECT_VERSION = 1;
				GENERATE_INFOPLIST_FILE = YES;
				MARKETING_VERSION = 1.0;
				PRODUCT_BUNDLE_IDENTIFIER = com.bottlerocketstudios.UtiliKitTests;
				PRODUCT_NAME = "$(TARGET_NAME)";
				SWIFT_EMIT_LOC_STRINGS = NO;
				SWIFT_VERSION = 5.0;
				TARGETED_DEVICE_FAMILY = "1,2";
			};
			name = Debug;
		};
		0EC7EFFA2792317600F712F3 /* Release */ = {
			isa = XCBuildConfiguration;
			buildSettings = {
				ALWAYS_EMBED_SWIFT_STANDARD_LIBRARIES = YES;
				CODE_SIGN_STYLE = Automatic;
				CURRENT_PROJECT_VERSION = 1;
				GENERATE_INFOPLIST_FILE = YES;
				MARKETING_VERSION = 1.0;
				PRODUCT_BUNDLE_IDENTIFIER = com.bottlerocketstudios.UtiliKitTests;
				PRODUCT_NAME = "$(TARGET_NAME)";
				SWIFT_EMIT_LOC_STRINGS = NO;
				SWIFT_VERSION = 5.0;
				TARGETED_DEVICE_FAMILY = "1,2";
			};
			name = Release;
		};
/* End XCBuildConfiguration section */

/* Begin XCConfigurationList section */
		0EC7EFDD2792317600F712F3 /* Build configuration list for PBXProject "UtiliKit" */ = {
			isa = XCConfigurationList;
			buildConfigurations = (
				0EC7EFF32792317600F712F3 /* Debug */,
				0EC7EFF42792317600F712F3 /* Release */,
			);
			defaultConfigurationIsVisible = 0;
			defaultConfigurationName = Release;
		};
		0EC7EFF52792317600F712F3 /* Build configuration list for PBXNativeTarget "UtiliKit iOS" */ = {
			isa = XCConfigurationList;
			buildConfigurations = (
				0EC7EFF62792317600F712F3 /* Debug */,
				0EC7EFF72792317600F712F3 /* Release */,
			);
			defaultConfigurationIsVisible = 0;
			defaultConfigurationName = Release;
		};
		0EC7EFF82792317600F712F3 /* Build configuration list for PBXNativeTarget "UtiliKit iOS Tests" */ = {
			isa = XCConfigurationList;
			buildConfigurations = (
				0EC7EFF92792317600F712F3 /* Debug */,
				0EC7EFFA2792317600F712F3 /* Release */,
			);
			defaultConfigurationIsVisible = 0;
			defaultConfigurationName = Release;
		};
/* End XCConfigurationList section */
	};
	rootObject = 0EC7EFDA2792317600F712F3 /* Project object */;
}
